// !$*UTF8*$!
{
	archiveVersion = 1;
	classes = {
	};
	objectVersion = 77;
	objects = {

/* Begin PBXBuildFile section */
		063E8758B571395C45EF52A3 /* ControlAPIServer.swift in Sources */ = {isa = PBXBuildFile; fileRef = B4B2D0EB98165AA95AAD8966 /* ControlAPIServer.swift */; };
		1B372A8AFB9B637EC5A61F97 /* ContentView.swift in Sources */ = {isa = PBXBuildFile; fileRef = 5FF090D41A7860ACA07F8D28 /* ContentView.swift */; };
		33198C8560728F3D91EADFF1 /* SimpleTerminalView.swift in Sources */ = {isa = PBXBuildFile; fileRef = EAD652872415BFB0FC606A6C /* SimpleTerminalView.swift */; };
		542BDA4273755F61ABD3F5F6 /* DevRunner.swift in Sources */ = {isa = PBXBuildFile; fileRef = 8CA8CDAD97BF595FD7789E12 /* DevRunner.swift */; };
		5AF66900BD5FEE23FC71D3C5 /* libsugarloaf_ffi.a in Resources */ = {isa = PBXBuildFile; fileRef = 2B24B5D121E945A2E4BE52CE /* libsugarloaf_ffi.a */; };
		64DA73E651A9C50C46905DE7 /* Theme.swift in Sources */ = {isa = PBXBuildFile; fileRef = 34EB77C3FAEBAF47037A33F2 /* Theme.swift */; };
		6D8FED83A480E81151718A52 /* ProcessMonitorView.swift in Sources */ = {isa = PBXBuildFile; fileRef = B3EBFF53E04A3686A6EA8FF5 /* ProcessMonitorView.swift */; };
		738764C4AA9658987C467664 /* NewTaskSheet.swift in Sources */ = {isa = PBXBuildFile; fileRef = 199BDBB1BF76497B7309EE4A /* NewTaskSheet.swift */; };
		8AC50D5CE93FCCD6BD615A91 /* MultiTerminalView.swift in Sources */ = {isa = PBXBuildFile; fileRef = 13DA9A5C9DFC211C540ADB82 /* MultiTerminalView.swift */; };
		9F47D5022F8F7B613C0C803C /* SimpleTerminalPoolWrapper.swift in Sources */ = {isa = PBXBuildFile; fileRef = 59C0653889ED663A8EFFD8B2 /* SimpleTerminalPoolWrapper.swift */; };
		A08E3239363195539C6E819C /* HTTPServer.swift in Sources */ = {isa = PBXBuildFile; fileRef = B891420E46A6E7991690CA20 /* HTTPServer.swift */; };
		A0D0BC4BBC20A53C8461F2EE /* TaskExitMarker.swift in Sources */ = {isa = PBXBuildFile; fileRef = BF14FD13BC17D2A5DAC27C0A /* TaskExitMarker.swift */; };
		ABA9DA8EFC31D171B05F615F /* TerminalTabManager.swift in Sources */ = {isa = PBXBuildFile; fileRef = 099B7143B1754B87AA29176D /* TerminalTabManager.swift */; };
		B26602653DE989E10D8C3AFD /* SidebarView.swift in Sources */ = {isa = PBXBuildFile; fileRef = 17A3A8E96E0520FC3FC2FDF1 /* SidebarView.swift */; };
		B55F443987968511D52D651E /* SimpleRenderScheduler.swift in Sources */ = {isa = PBXBuildFile; fileRef = 53573C4D40CFD5D88F13763F /* SimpleRenderScheduler.swift */; };
		DB2A52D4B0AA1D659B5E4913 /* ProcessMonitor.swift in Sources */ = {isa = PBXBuildFile; fileRef = E6CB371B159B36207A6F4751 /* ProcessMonitor.swift */; };
		E1D437814D1CD4A1624F9A1B /* DevRunnerApp.swift in Sources */ = {isa = PBXBuildFile; fileRef = 60FB4BBE06C99A52BFBB95D7 /* DevRunnerApp.swift */; };
/* End PBXBuildFile section */

/* Begin PBXContainerItemProxy section */
		B8797CC7C70C3641F3F0BC48 /* PBXContainerItemProxy */ = {
			isa = PBXContainerItemProxy;
			containerPortal = A24F7927AF8E13F2750CBA99 /* Project object */;
			proxyType = 1;
			remoteGlobalIDString = 430C504221D64D04E84EE4D2;
			remoteInfo = DevRunner;
		};
/* End PBXContainerItemProxy section */

/* Begin PBXFileReference section */
		099B7143B1754B87AA29176D /* TerminalTabManager.swift */ = {isa = PBXFileReference; lastKnownFileType = sourcecode.swift; path = TerminalTabManager.swift; sourceTree = "<group>"; };
		13DA9A5C9DFC211C540ADB82 /* MultiTerminalView.swift */ = {isa = PBXFileReference; lastKnownFileType = sourcecode.swift; path = MultiTerminalView.swift; sourceTree = "<group>"; };
		17A3A8E96E0520FC3FC2FDF1 /* SidebarView.swift */ = {isa = PBXFileReference; lastKnownFileType = sourcecode.swift; path = SidebarView.swift; sourceTree = "<group>"; };
		199BDBB1BF76497B7309EE4A /* NewTaskSheet.swift */ = {isa = PBXFileReference; lastKnownFileType = sourcecode.swift; path = NewTaskSheet.swift; sourceTree = "<group>"; };
		290C7F8ED820E6BDAB4D38FF /* SugarloafBridge.h */ = {isa = PBXFileReference; lastKnownFileType = sourcecode.c.h; path = SugarloafBridge.h; sourceTree = "<group>"; };
		2B24B5D121E945A2E4BE52CE /* libsugarloaf_ffi.a */ = {isa = PBXFileReference; lastKnownFileType = archive.ar; path = libsugarloaf_ffi.a; sourceTree = "<group>"; };
		34EB77C3FAEBAF47037A33F2 /* Theme.swift */ = {isa = PBXFileReference; lastKnownFileType = sourcecode.swift; path = Theme.swift; sourceTree = "<group>"; };
		53573C4D40CFD5D88F13763F /* SimpleRenderScheduler.swift */ = {isa = PBXFileReference; lastKnownFileType = sourcecode.swift; path = SimpleRenderScheduler.swift; sourceTree = "<group>"; };
		59C0653889ED663A8EFFD8B2 /* SimpleTerminalPoolWrapper.swift */ = {isa = PBXFileReference; lastKnownFileType = sourcecode.swift; path = SimpleTerminalPoolWrapper.swift; sourceTree = "<group>"; };
		5FF090D41A7860ACA07F8D28 /* ContentView.swift */ = {isa = PBXFileReference; lastKnownFileType = sourcecode.swift; path = ContentView.swift; sourceTree = "<group>"; };
		60FB4BBE06C99A52BFBB95D7 /* DevRunnerApp.swift */ = {isa = PBXFileReference; lastKnownFileType = sourcecode.swift; path = DevRunnerApp.swift; sourceTree = "<group>"; };
		73F4CD3E371232E813576DD9 /* BridgingHeader.h */ = {isa = PBXFileReference; lastKnownFileType = sourcecode.c.h; path = BridgingHeader.h; sourceTree = "<group>"; };
		8CA8CDAD97BF595FD7789E12 /* DevRunner.swift */ = {isa = PBXFileReference; lastKnownFileType = sourcecode.swift; path = DevRunner.swift; sourceTree = "<group>"; };
		ACCCB25D5AED6D63F65F55AC /* DevRunner.app */ = {isa = PBXFileReference; explicitFileType = wrapper.application; includeInIndex = 0; path = DevRunner.app; sourceTree = BUILT_PRODUCTS_DIR; };
		B3EBFF53E04A3686A6EA8FF5 /* ProcessMonitorView.swift */ = {isa = PBXFileReference; lastKnownFileType = sourcecode.swift; path = ProcessMonitorView.swift; sourceTree = "<group>"; };
		B4B2D0EB98165AA95AAD8966 /* ControlAPIServer.swift */ = {isa = PBXFileReference; lastKnownFileType = sourcecode.swift; path = ControlAPIServer.swift; sourceTree = "<group>"; };
		B891420E46A6E7991690CA20 /* HTTPServer.swift */ = {isa = PBXFileReference; lastKnownFileType = sourcecode.swift; path = HTTPServer.swift; sourceTree = "<group>"; };
		BF14FD13BC17D2A5DAC27C0A /* TaskExitMarker.swift */ = {isa = PBXFileReference; lastKnownFileType = sourcecode.swift; path = TaskExitMarker.swift; sourceTree = "<group>"; };
		E6CB371B159B36207A6F4751 /* ProcessMonitor.swift */ = {isa = PBXFileReference; lastKnownFileType = sourcecode.swift; path = ProcessMonitor.swift; sourceTree = "<group>"; };
		EAD652872415BFB0FC606A6C /* SimpleTerminalView.swift */ = {isa = PBXFileReference; lastKnownFileType = sourcecode.swift; path = SimpleTerminalView.swift; sourceTree = "<group>"; };
		EE994E035167E4508B997EC9 /* DevRunnerTests.xctest */ = {isa = PBXFileReference; explicitFileType = wrapper.cfbundle; includeInIndex = 0; path = DevRunnerTests.xctest; sourceTree = BUILT_PRODUCTS_DIR; };
/* End PBXFileReference section */

/* Begin PBXGroup section */
		12FBAD607DB27521E5D3BA9C = {
			isa = PBXGroup;
			children = (
				B9ADD5AC9FFF722248C90710 /* Sources */,
				7AB760D6A76CB30DBAAFE7B6 /* Tests */,
				418ADE91FFEE6B78CAF5A731 /* Products */,
			);
			sourceTree = "<group>";
		};
		418ADE91FFEE6B78CAF5A731 /* Products */ = {
			isa = PBXGroup;
			children = (
				ACCCB25D5AED6D63F65F55AC /* DevRunner.app */,
				EE994E035167E4508B997EC9 /* DevRunnerTests.xctest */,
			);
			name = Products;
			sourceTree = "<group>";
		};
		451952FBB2B8D5E59F670FE6 /* Terminal */ = {
			isa = PBXGroup;
			children = (
				13DA9A5C9DFC211C540ADB82 /* MultiTerminalView.swift */,
				E6CB371B159B36207A6F4751 /* ProcessMonitor.swift */,
				53573C4D40CFD5D88F13763F /* SimpleRenderScheduler.swift */,
				59C0653889ED663A8EFFD8B2 /* SimpleTerminalPoolWrapper.swift */,
				EAD652872415BFB0FC606A6C /* SimpleTerminalView.swift */,
				BF14FD13BC17D2A5DAC27C0A /* TaskExitMarker.swift */,
				099B7143B1754B87AA29176D /* TerminalTabManager.swift */,
				5D069949E99619F2984B79DE /* Libs */,
			);
			path = Terminal;
			sourceTree = "<group>";
		};
		5D069949E99619F2984B79DE /* Libs */ = {
			isa = PBXGroup;
			children = (
				2B24B5D121E945A2E4BE52CE /* libsugarloaf_ffi.a */,
				290C7F8ED820E6BDAB4D38FF /* SugarloafBridge.h */,
			);
			path = Libs;
			sourceTree = "<group>";
		};
		7AB760D6A76CB30DBAAFE7B6 /* Tests */ = {
			isa = PBXGroup;
			children = (
			);
			path = Tests;
			sourceTree = "<group>";
		};
		AC3F0C31625613FF44C2C0FF /* App */ = {
			isa = PBXGroup;
			children = (
				5FF090D41A7860ACA07F8D28 /* ContentView.swift */,
				60FB4BBE06C99A52BFBB95D7 /* DevRunnerApp.swift */,
				199BDBB1BF76497B7309EE4A /* NewTaskSheet.swift */,
				B3EBFF53E04A3686A6EA8FF5 /* ProcessMonitorView.swift */,
				17A3A8E96E0520FC3FC2FDF1 /* SidebarView.swift */,
				34EB77C3FAEBAF47037A33F2 /* Theme.swift */,
			);
			path = App;
			sourceTree = "<group>";
		};
		B9ADD5AC9FFF722248C90710 /* Sources */ = {
			isa = PBXGroup;
			children = (
				BD5932AC6246E854B847F210 /* API */,
				AC3F0C31625613FF44C2C0FF /* App */,
				FB90BFA997C7124F0EBD45ED /* FFI */,
				451952FBB2B8D5E59F670FE6 /* Terminal */,
			);
			path = Sources;
			sourceTree = "<group>";
		};
		BD5932AC6246E854B847F210 /* API */ = {
			isa = PBXGroup;
			children = (
				B4B2D0EB98165AA95AAD8966 /* ControlAPIServer.swift */,
				B891420E46A6E7991690CA20 /* HTTPServer.swift */,
			);
			path = API;
			sourceTree = "<group>";
		};
		FB90BFA997C7124F0EBD45ED /* FFI */ = {
			isa = PBXGroup;
			children = (
				73F4CD3E371232E813576DD9 /* BridgingHeader.h */,
				8CA8CDAD97BF595FD7789E12 /* DevRunner.swift */,
			);
			path = FFI;
			sourceTree = "<group>";
		};
/* End PBXGroup section */

/* Begin PBXNativeTarget section */
		430C504221D64D04E84EE4D2 /* DevRunner */ = {
			isa = PBXNativeTarget;
			buildConfigurationList = 784A6B8B1F367CF5A49DF5FB /* Build configuration list for PBXNativeTarget "DevRunner" */;
			buildPhases = (
				21C6DCB2C33ED470DCB0E76B /* Build Rust FFI */,
				C282036C7110EA3590CFD1C8 /* Sources */,
				E1F6D0A60220F76C1DA1DB82 /* Resources */,
			);
			buildRules = (
			);
			dependencies = (
			);
			name = DevRunner;
			packageProductDependencies = (
			);
			productName = DevRunner;
			productReference = ACCCB25D5AED6D63F65F55AC /* DevRunner.app */;
			productType = "com.apple.product-type.application";
		};
		A533C599A18C482BE125B356 /* DevRunnerTests */ = {
			isa = PBXNativeTarget;
			buildConfigurationList = 72637F6F0555FE03D8A61B84 /* Build configuration list for PBXNativeTarget "DevRunnerTests" */;
			buildPhases = (
				3E8A43FF24C7D68068B6A507 /* Sources */,
			);
			buildRules = (
			);
			dependencies = (
				41019296BCBC0BCC683F53B0 /* PBXTargetDependency */,
			);
			name = DevRunnerTests;
			packageProductDependencies = (
			);
			productName = DevRunnerTests;
			productReference = EE994E035167E4508B997EC9 /* DevRunnerTests.xctest */;
			productType = "com.apple.product-type.bundle.unit-test";
		};
/* End PBXNativeTarget section */

/* Begin PBXProject section */
		A24F7927AF8E13F2750CBA99 /* Project object */ = {
			isa = PBXProject;
			attributes = {
				BuildIndependentTargetsInParallel = YES;
				LastUpgradeCheck = 1500;
				TargetAttributes = {
					430C504221D64D04E84EE4D2 = {
						DevelopmentTeam = "";
						ProvisioningStyle = Automatic;
					};
					A533C599A18C482BE125B356 = {
						DevelopmentTeam = "";
						ProvisioningStyle = Automatic;
					};
				};
			};
			buildConfigurationList = 50A548A8050A66E3CCD0EFE7 /* Build configuration list for PBXProject "DevRunner" */;
			compatibilityVersion = "Xcode 14.0";
			developmentRegion = en;
			hasScannedForEncodings = 0;
			knownRegions = (
				Base,
				en,
			);
			mainGroup = 12FBAD607DB27521E5D3BA9C;
			minimizedProjectReferenceProxies = 1;
			preferredProjectObjectVersion = 77;
			projectDirPath = "";
			projectRoot = "";
			targets = (
				430C504221D64D04E84EE4D2 /* DevRunner */,
				A533C599A18C482BE125B356 /* DevRunnerTests */,
			);
		};
/* End PBXProject section */

/* Begin PBXResourcesBuildPhase section */
		E1F6D0A60220F76C1DA1DB82 /* Resources */ = {
			isa = PBXResourcesBuildPhase;
			buildActionMask = 2147483647;
			files = (
				5AF66900BD5FEE23FC71D3C5 /* libsugarloaf_ffi.a in Resources */,
			);
			runOnlyForDeploymentPostprocessing = 0;
		};
/* End PBXResourcesBuildPhase section */

/* Begin PBXShellScriptBuildPhase section */
		21C6DCB2C33ED470DCB0E76B /* Build Rust FFI */ = {
			isa = PBXShellScriptBuildPhase;
			alwaysOutOfDate = 1;
			buildActionMask = 2147483647;
			files = (
			);
			inputFileListPaths = (
			);
			inputPaths = (
			);
			name = "Build Rust FFI";
			outputFileListPaths = (
			);
			outputPaths = (
			);
			runOnlyForDeploymentPostprocessing = 0;
			shellPath = /bin/sh;
			shellScript = "cd \"${PROJECT_DIR}/../app\"\ncargo build --release\n";
		};
/* End PBXShellScriptBuildPhase section */

/* Begin PBXSourcesBuildPhase section */
		3E8A43FF24C7D68068B6A507 /* Sources */ = {
			isa = PBXSourcesBuildPhase;
			buildActionMask = 2147483647;
			files = (
			);
			runOnlyForDeploymentPostprocessing = 0;
		};
		C282036C7110EA3590CFD1C8 /* Sources */ = {
			isa = PBXSourcesBuildPhase;
			buildActionMask = 2147483647;
			files = (
				1B372A8AFB9B637EC5A61F97 /* ContentView.swift in Sources */,
				063E8758B571395C45EF52A3 /* ControlAPIServer.swift in Sources */,
				542BDA4273755F61ABD3F5F6 /* DevRunner.swift in Sources */,
				E1D437814D1CD4A1624F9A1B /* DevRunnerApp.swift in Sources */,
				A08E3239363195539C6E819C /* HTTPServer.swift in Sources */,
				8AC50D5CE93FCCD6BD615A91 /* MultiTerminalView.swift in Sources */,
				738764C4AA9658987C467664 /* NewTaskSheet.swift in Sources */,
				DB2A52D4B0AA1D659B5E4913 /* ProcessMonitor.swift in Sources */,
				6D8FED83A480E81151718A52 /* ProcessMonitorView.swift in Sources */,
				B26602653DE989E10D8C3AFD /* SidebarView.swift in Sources */,
				B55F443987968511D52D651E /* SimpleRenderScheduler.swift in Sources */,
				9F47D5022F8F7B613C0C803C /* SimpleTerminalPoolWrapper.swift in Sources */,
				33198C8560728F3D91EADFF1 /* SimpleTerminalView.swift in Sources */,
				A0D0BC4BBC20A53C8461F2EE /* TaskExitMarker.swift in Sources */,
				ABA9DA8EFC31D171B05F615F /* TerminalTabManager.swift in Sources */,
				64DA73E651A9C50C46905DE7 /* Theme.swift in Sources */,
			);
			runOnlyForDeploymentPostprocessing = 0;
		};
/* End PBXSourcesBuildPhase section */

/* Begin PBXTargetDependency section */
		41019296BCBC0BCC683F53B0 /* PBXTargetDependency */ = {
			isa = PBXTargetDependency;
			target = 430C504221D64D04E84EE4D2 /* DevRunner */;
			targetProxy = B8797CC7C70C3641F3F0BC48 /* PBXContainerItemProxy */;
		};
/* End PBXTargetDependency section */

/* Begin XCBuildConfiguration section */
		00BC3AFA15ED4431C92902AA /* Debug */ = {
			isa = XCBuildConfiguration;
			buildSettings = {
				BUNDLE_LOADER = "$(TEST_HOST)";
				CODE_SIGN_STYLE = Automatic;
				COMBINE_HIDPI_IMAGES = YES;
				DEVELOPMENT_TEAM = "";
				LD_RUNPATH_SEARCH_PATHS = (
					"$(inherited)",
					"@executable_path/../Frameworks",
					"@loader_path/../Frameworks",
				);
				PRODUCT_BUNDLE_IDENTIFIER = ai.vimo.DevRunnerTests;
				SDKROOT = macosx;
				TEST_HOST = "$(BUILT_PRODUCTS_DIR)/DevRunner.app/Contents/MacOS/DevRunner";
			};
			name = Debug;
		};
		3112A55869345807D977C30B /* Release */ = {
			isa = XCBuildConfiguration;
			buildSettings = {
				ASSETCATALOG_COMPILER_APPICON_NAME = AppIcon;
				CODE_SIGN_STYLE = Automatic;
				COMBINE_HIDPI_IMAGES = YES;
				DEVELOPMENT_TEAM = "";
				ENABLE_HARDENED_RUNTIME = YES;
				INFOPLIST_FILE = Resources/Info.plist;
				LD_RUNPATH_SEARCH_PATHS = (
					"$(inherited)",
					"@executable_path/../Frameworks",
				);
				LIBRARY_SEARCH_PATHS = (
					"$(inherited)",
					"$(PROJECT_DIR)/../app/target/release",
					"$(PROJECT_DIR)/Sources/Terminal/Libs",
				);
				OTHER_LDFLAGS = (
					"-ldev_runner_app",
					"-lsugarloaf_ffi",
					"-lc++",
					"-framework Metal",
					"-framework MetalKit",
					"-framework QuartzCore",
					"-framework CoreGraphics",
					"-framework CoreText",
					"-framework AppKit",
				);
				PRODUCT_BUNDLE_IDENTIFIER = ai.vimo.DevRunner;
				SDKROOT = macosx;
				SWIFT_OBJC_BRIDGING_HEADER = Sources/FFI/BridgingHeader.h;
			};
			name = Release;
		};
		4F8D07E3F9F6A12A7D28F02D /* Release */ = {
			isa = XCBuildConfiguration;
			buildSettings = {
				BUNDLE_LOADER = "$(TEST_HOST)";
				CODE_SIGN_STYLE = Automatic;
				COMBINE_HIDPI_IMAGES = YES;
				DEVELOPMENT_TEAM = "";
				LD_RUNPATH_SEARCH_PATHS = (
					"$(inherited)",
					"@executable_path/../Frameworks",
					"@loader_path/../Frameworks",
				);
				PRODUCT_BUNDLE_IDENTIFIER = ai.vimo.DevRunnerTests;
				SDKROOT = macosx;
				TEST_HOST = "$(BUILT_PRODUCTS_DIR)/DevRunner.app/Contents/MacOS/DevRunner";
			};
			name = Release;
		};
		AF4132A10E4E3EB328FAE9B5 /* Debug */ = {
			isa = XCBuildConfiguration;
			buildSettings = {
				ALWAYS_SEARCH_USER_PATHS = NO;
				CLANG_ANALYZER_NONNULL = YES;
				CLANG_ANALYZER_NUMBER_OBJECT_CONVERSION = YES_AGGRESSIVE;
				CLANG_CXX_LANGUAGE_STANDARD = "gnu++14";
				CLANG_CXX_LIBRARY = "libc++";
				CLANG_ENABLE_MODULES = YES;
				CLANG_ENABLE_OBJC_ARC = YES;
				CLANG_ENABLE_OBJC_WEAK = YES;
				CLANG_WARN_BLOCK_CAPTURE_AUTORELEASING = YES;
				CLANG_WARN_BOOL_CONVERSION = YES;
				CLANG_WARN_COMMA = YES;
				CLANG_WARN_CONSTANT_CONVERSION = YES;
				CLANG_WARN_DEPRECATED_OBJC_IMPLEMENTATIONS = YES;
				CLANG_WARN_DIRECT_OBJC_ISA_USAGE = YES_ERROR;
				CLANG_WARN_DOCUMENTATION_COMMENTS = YES;
				CLANG_WARN_EMPTY_BODY = YES;
				CLANG_WARN_ENUM_CONVERSION = YES;
				CLANG_WARN_INFINITE_RECURSION = YES;
				CLANG_WARN_INT_CONVERSION = YES;
				CLANG_WARN_NON_LITERAL_NULL_CONVERSION = YES;
				CLANG_WARN_OBJC_IMPLICIT_RETAIN_SELF = YES;
				CLANG_WARN_OBJC_LITERAL_CONVERSION = YES;
				CLANG_WARN_OBJC_ROOT_CLASS = YES_ERROR;
				CLANG_WARN_QUOTED_INCLUDE_IN_FRAMEWORK_HEADER = YES;
				CLANG_WARN_RANGE_LOOP_ANALYSIS = YES;
				CLANG_WARN_STRICT_PROTOTYPES = YES;
				CLANG_WARN_SUSPICIOUS_MOVE = YES;
				CLANG_WARN_UNGUARDED_AVAILABILITY = YES_AGGRESSIVE;
				CLANG_WARN_UNREACHABLE_CODE = YES;
				CLANG_WARN__DUPLICATE_METHOD_MATCH = YES;
				COPY_PHASE_STRIP = NO;
				CURRENT_PROJECT_VERSION = 1;
				DEBUG_INFORMATION_FORMAT = dwarf;
				ENABLE_STRICT_OBJC_MSGSEND = YES;
				ENABLE_TESTABILITY = YES;
				GCC_C_LANGUAGE_STANDARD = gnu11;
				GCC_DYNAMIC_NO_PIC = NO;
				GCC_NO_COMMON_BLOCKS = YES;
				GCC_OPTIMIZATION_LEVEL = 0;
				GCC_PREPROCESSOR_DEFINITIONS = (
					"$(inherited)",
					"DEBUG=1",
				);
				GCC_WARN_64_TO_32_BIT_CONVERSION = YES;
				GCC_WARN_ABOUT_RETURN_TYPE = YES_ERROR;
				GCC_WARN_UNDECLARED_SELECTOR = YES;
				GCC_WARN_UNINITIALIZED_AUTOS = YES_AGGRESSIVE;
				GCC_WARN_UNUSED_FUNCTION = YES;
				GCC_WARN_UNUSED_VARIABLE = YES;
				MACOSX_DEPLOYMENT_TARGET = 14.0;
				MARKETING_VERSION = 0.1.0;
				MTL_ENABLE_DEBUG_INFO = INCLUDE_SOURCE;
				MTL_FAST_MATH = YES;
				ONLY_ACTIVE_ARCH = YES;
				PRODUCT_NAME = "$(TARGET_NAME)";
				SDKROOT = macosx;
				SWIFT_ACTIVE_COMPILATION_CONDITIONS = DEBUG;
				SWIFT_OPTIMIZATION_LEVEL = "-Onone";
				SWIFT_VERSION = 5.9;
			};
			name = Debug;
		};
		B30783835D93B4FBB7AE709D /* Debug */ = {
			isa = XCBuildConfiguration;
			buildSettings = {
				ASSETCATALOG_COMPILER_APPICON_NAME = AppIcon;
				CODE_SIGN_STYLE = Automatic;
				COMBINE_HIDPI_IMAGES = YES;
				DEVELOPMENT_TEAM = "";
				ENABLE_HARDENED_RUNTIME = YES;
				INFOPLIST_FILE = Resources/Info.plist;
				LD_RUNPATH_SEARCH_PATHS = (
					"$(inherited)",
					"@executable_path/../Frameworks",
				);
				LIBRARY_SEARCH_PATHS = (
					"$(inherited)",
					"$(PROJECT_DIR)/../app/target/release",
					"$(PROJECT_DIR)/Sources/Terminal/Libs",
				);
				OTHER_LDFLAGS = (
					"-ldev_runner_app",
					"-lsugarloaf_ffi",
					"-lc++",
					"-framework Metal",
					"-framework MetalKit",
					"-framework QuartzCore",
					"-framework CoreGraphics",
					"-framework CoreText",
					"-framework AppKit",
				);
				PRODUCT_BUNDLE_IDENTIFIER = ai.vimo.DevRunner;
				SDKROOT = macosx;
				SWIFT_OBJC_BRIDGING_HEADER = Sources/FFI/BridgingHeader.h;
			};
			name = Debug;
		};
		D8D047CFFB515A2C2FC39FB3 /* Release */ = {
			isa = XCBuildConfiguration;
			buildSettings = {
				ALWAYS_SEARCH_USER_PATHS = NO;
				CLANG_ANALYZER_NONNULL = YES;
				CLANG_ANALYZER_NUMBER_OBJECT_CONVERSION = YES_AGGRESSIVE;
				CLANG_CXX_LANGUAGE_STANDARD = "gnu++14";
				CLANG_CXX_LIBRARY = "libc++";
				CLANG_ENABLE_MODULES = YES;
				CLANG_ENABLE_OBJC_ARC = YES;
				CLANG_ENABLE_OBJC_WEAK = YES;
				CLANG_WARN_BLOCK_CAPTURE_AUTORELEASING = YES;
				CLANG_WARN_BOOL_CONVERSION = YES;
				CLANG_WARN_COMMA = YES;
				CLANG_WARN_CONSTANT_CONVERSION = YES;
				CLANG_WARN_DEPRECATED_OBJC_IMPLEMENTATIONS = YES;
				CLANG_WARN_DIRECT_OBJC_ISA_USAGE = YES_ERROR;
				CLANG_WARN_DOCUMENTATION_COMMENTS = YES;
				CLANG_WARN_EMPTY_BODY = YES;
				CLANG_WARN_ENUM_CONVERSION = YES;
				CLANG_WARN_INFINITE_RECURSION = YES;
				CLANG_WARN_INT_CONVERSION = YES;
				CLANG_WARN_NON_LITERAL_NULL_CONVERSION = YES;
				CLANG_WARN_OBJC_IMPLICIT_RETAIN_SELF = YES;
				CLANG_WARN_OBJC_LITERAL_CONVERSION = YES;
				CLANG_WARN_OBJC_ROOT_CLASS = YES_ERROR;
				CLANG_WARN_QUOTED_INCLUDE_IN_FRAMEWORK_HEADER = YES;
				CLANG_WARN_RANGE_LOOP_ANALYSIS = YES;
				CLANG_WARN_STRICT_PROTOTYPES = YES;
				CLANG_WARN_SUSPICIOUS_MOVE = YES;
				CLANG_WARN_UNGUARDED_AVAILABILITY = YES_AGGRESSIVE;
				CLANG_WARN_UNREACHABLE_CODE = YES;
				CLANG_WARN__DUPLICATE_METHOD_MATCH = YES;
				COPY_PHASE_STRIP = NO;
				CURRENT_PROJECT_VERSION = 1;
				DEBUG_INFORMATION_FORMAT = "dwarf-with-dsym";
				ENABLE_NS_ASSERTIONS = NO;
				ENABLE_STRICT_OBJC_MSGSEND = YES;
				GCC_C_LANGUAGE_STANDARD = gnu11;
				GCC_NO_COMMON_BLOCKS = YES;
				GCC_WARN_64_TO_32_BIT_CONVERSION = YES;
				GCC_WARN_ABOUT_RETURN_TYPE = YES_ERROR;
				GCC_WARN_UNDECLARED_SELECTOR = YES;
				GCC_WARN_UNINITIALIZED_AUTOS = YES_AGGRESSIVE;
				GCC_WARN_UNUSED_FUNCTION = YES;
				GCC_WARN_UNUSED_VARIABLE = YES;
				MACOSX_DEPLOYMENT_TARGET = 14.0;
				MARKETING_VERSION = 0.1.0;
				MTL_ENABLE_DEBUG_INFO = NO;
				MTL_FAST_MATH = YES;
				PRODUCT_NAME = "$(TARGET_NAME)";
				SDKROOT = macosx;
				SWIFT_COMPILATION_MODE = wholemodule;
				SWIFT_OPTIMIZATION_LEVEL = "-O";
				SWIFT_VERSION = 5.9;
			};
			name = Release;
		};
/* End XCBuildConfiguration section */

/* Begin XCConfigurationList section */
		50A548A8050A66E3CCD0EFE7 /* Build configuration list for PBXProject "DevRunner" */ = {
			isa = XCConfigurationList;
			buildConfigurations = (
				AF4132A10E4E3EB328FAE9B5 /* Debug */,
				D8D047CFFB515A2C2FC39FB3 /* Release */,
			);
			defaultConfigurationIsVisible = 0;
			defaultConfigurationName = Debug;
		};
		72637F6F0555FE03D8A61B84 /* Build configuration list for PBXNativeTarget "DevRunnerTests" */ = {
			isa = XCConfigurationList;
			buildConfigurations = (
				00BC3AFA15ED4431C92902AA /* Debug */,
				4F8D07E3F9F6A12A7D28F02D /* Release */,
			);
			defaultConfigurationIsVisible = 0;
			defaultConfigurationName = Debug;
		};
		784A6B8B1F367CF5A49DF5FB /* Build configuration list for PBXNativeTarget "DevRunner" */ = {
			isa = XCConfigurationList;
			buildConfigurations = (
				B30783835D93B4FBB7AE709D /* Debug */,
				3112A55869345807D977C30B /* Release */,
			);
			defaultConfigurationIsVisible = 0;
			defaultConfigurationName = Debug;
		};
/* End XCConfigurationList section */
	};
	rootObject = A24F7927AF8E13F2750CBA99 /* Project object */;
}
